
Microsoft Visual Studio Solution File, Format Version 12.00
# Visual Studio Version 17
VisualStudioVersion = 17.4.33110.190
MinimumVisualStudioVersion = 10.0.40219.1
Project("{9A19103F-16F7-4668-BE54-9A1E7A4F7556}") = "Voice of Time", "Voice of Time\Voice of Time.csproj", "{56BE4924-32B4-4B00-A3A1-B251FDE759FC}"
EndProject
Project("{9A19103F-16F7-4668-BE54-9A1E7A4F7556}") = "VoTCore", "VoTCore\VoTCore.csproj", "{5AE240BD-9A06-48AF-9583-728E72DD4E8B}"
EndProject
Project("{9A19103F-16F7-4668-BE54-9A1E7A4F7556}") = "VoTTest", "VoTTest\VoTTest.csproj", "{879A50A6-6106-4D51-883E-69B0736C6645}"
EndProject
Project("{9A19103F-16F7-4668-BE54-9A1E7A4F7556}") = "Voice of Time Server", "Voice of Time Server\Voice of Time Server.csproj", "{84993B12-0DB8-4CDD-BB17-C7D9265EDCA2}"
EndProject
Project("{9A19103F-16F7-4668-BE54-9A1E7A4F7556}") = "Test GUI VoT", "Test GUI VoT\Test GUI VoT.csproj", "{C72A6478-1BB1-404D-BB56-577DC0064057}"
EndProject
Global
	GlobalSection(SolutionConfigurationPlatforms) = preSolution
		Debug|Any CPU = Debug|Any CPU
		Release|Any CPU = Release|Any CPU
	EndGlobalSection
	GlobalSection(ProjectConfigurationPlatforms) = postSolution
		{56BE4924-32B4-4B00-A3A1-B251FDE759FC}.Debug|Any CPU.ActiveCfg = Debug|Any CPU
		{56BE4924-32B4-4B00-A3A1-B251FDE759FC}.Debug|Any CPU.Build.0 = Debug|Any CPU
		{56BE4924-32B4-4B00-A3A1-B251FDE759FC}.Release|Any CPU.ActiveCfg = Release|Any CPU
		{56BE4924-32B4-4B00-A3A1-B251FDE759FC}.Release|Any CPU.Build.0 = Release|Any CPU
		{5AE240BD-9A06-48AF-9583-728E72DD4E8B}.Debug|Any CPU.ActiveCfg = Debug|Any CPU
		{5AE240BD-9A06-48AF-9583-728E72DD4E8B}.Debug|Any CPU.Build.0 = Debug|Any CPU
		{5AE240BD-9A06-48AF-9583-728E72DD4E8B}.Release|Any CPU.ActiveCfg = Release|Any CPU
		{5AE240BD-9A06-48AF-9583-728E72DD4E8B}.Release|Any CPU.Build.0 = Release|Any CPU
		{879A50A6-6106-4D51-883E-69B0736C6645}.Debug|Any CPU.ActiveCfg = Debug|Any CPU
		{879A50A6-6106-4D51-883E-69B0736C6645}.Debug|Any CPU.Build.0 = Debug|Any CPU
		{879A50A6-6106-4D51-883E-69B0736C6645}.Release|Any CPU.ActiveCfg = Release|Any CPU
		{879A50A6-6106-4D51-883E-69B0736C6645}.Release|Any CPU.Build.0 = Release|Any CPU
		{84993B12-0DB8-4CDD-BB17-C7D9265EDCA2}.Debug|Any CPU.ActiveCfg = Debug|Any CPU
		{84993B12-0DB8-4CDD-BB17-C7D9265EDCA2}.Debug|Any CPU.Build.0 = Debug|Any CPU
		{84993B12-0DB8-4CDD-BB17-C7D9265EDCA2}.Release|Any CPU.ActiveCfg = Release|Any CPU
		{84993B12-0DB8-4CDD-BB17-C7D9265EDCA2}.Release|Any CPU.Build.0 = Release|Any CPU
		{C72A6478-1BB1-404D-BB56-577DC0064057}.Debug|Any CPU.ActiveCfg = Debug|Any CPU
		{C72A6478-1BB1-404D-BB56-577DC0064057}.Debug|Any CPU.Build.0 = Debug|Any CPU
		{C72A6478-1BB1-404D-BB56-577DC0064057}.Release|Any CPU.ActiveCfg = Release|Any CPU
		{C72A6478-1BB1-404D-BB56-577DC0064057}.Release|Any CPU.Build.0 = Release|Any CPU
	EndGlobalSection
	GlobalSection(SolutionProperties) = preSolution
		HideSolutionNode = FALSE
	EndGlobalSection
	GlobalSection(ExtensibilityGlobals) = postSolution
		SolutionGuid = {C3C8330F-CAB0-4D5B-BF18-A9632EF03278}
	EndGlobalSection
EndGlobal
